
Microsoft Visual Studio Solution File, Format Version 12.00
# Visual Studio Version 16
VisualStudioVersion = 16.0.32002.261
MinimumVisualStudioVersion = 10.0.40219.1
Project("{8BC9CEB8-8B4A-11D0-8D11-00A0C91BC942}") = "final_project", "final_project\final_project.vcxproj", "{58F97E21-B406-4031-85FD-580B54BA52CB}"
EndProject
Global
	GlobalSection(SolutionConfigurationPlatforms) = preSolution
		Debug|x64 = Debug|x64
		Debug|x86 = Debug|x86
		Release|x64 = Release|x64
		Release|x86 = Release|x86
	EndGlobalSection
	GlobalSection(ProjectConfigurationPlatforms) = postSolution
		{58F97E21-B406-4031-85FD-580B54BA52CB}.Debug|x64.ActiveCfg = Debug|x64
		{58F97E21-B406-4031-85FD-580B54BA52CB}.Debug|x64.Build.0 = Debug|x64
		{58F97E21-B406-4031-85FD-580B54BA52CB}.Debug|x86.ActiveCfg = Debug|Win32
		{58F97E21-B406-4031-85FD-580B54BA52CB}.Debug|x86.Build.0 = Debug|Win32
		{58F97E21-B406-4031-85FD-580B54BA52CB}.Release|x64.ActiveCfg = Release|x64
		{58F97E21-B406-4031-85FD-580B54BA52CB}.Release|x64.Build.0 = Release|x64
		{58F97E21-B406-4031-85FD-580B54BA52CB}.Release|x86.ActiveCfg = Release|Win32
		{58F97E21-B406-4031-85FD-580B54BA52CB}.Release|x86.Build.0 = Release|Win32
	EndGlobalSection
	GlobalSection(SolutionProperties) = preSolution
		HideSolutionNode = FALSE
	EndGlobalSection
	GlobalSection(ExtensibilityGlobals) = postSolution
		SolutionGuid = {22D845A4-2478-44BF-BDC9-D7C1F9FF8400}
	EndGlobalSection
EndGlobal
